
Microsoft Visual Studio Solution File, Format Version 12.00
# Visual Studio 15
VisualStudioVersion = 15.0.28307.329
MinimumVisualStudioVersion = 10.0.40219.1
Project("{FAE04EC0-301F-11D3-BF4B-00C04F79EFBC}") = "We-Doku", "We-Doku\We-Doku.csproj", "{B4D4DF73-FF62-4D36-A82C-A8F37ADB846A}"
EndProject
Global
	GlobalSection(SolutionConfigurationPlatforms) = preSolution
		Debug|Any CPU = Debug|Any CPU
		Release|Any CPU = Release|Any CPU
	EndGlobalSection
	GlobalSection(ProjectConfigurationPlatforms) = postSolution
		{B4D4DF73-FF62-4D36-A82C-A8F37ADB846A}.Debug|Any CPU.ActiveCfg = Debug|Any CPU
		{B4D4DF73-FF62-4D36-A82C-A8F37ADB846A}.Debug|Any CPU.Build.0 = Debug|Any CPU
		{B4D4DF73-FF62-4D36-A82C-A8F37ADB846A}.Release|Any CPU.ActiveCfg = Release|Any CPU
		{B4D4DF73-FF62-4D36-A82C-A8F37ADB846A}.Release|Any CPU.Build.0 = Release|Any CPU
	EndGlobalSection
	GlobalSection(SolutionProperties) = preSolution
		HideSolutionNode = FALSE
	EndGlobalSection
	GlobalSection(ExtensibilityGlobals) = postSolution
		SolutionGuid = {77D42DDB-A04C-4173-B3A9-4A658EBDB85F}
	EndGlobalSection
EndGlobal
